
Microsoft Visual Studio Solution File, Format Version 12.00
# Visual Studio Version 17
VisualStudioVersion = 17.13.35818.85 d17.13
MinimumVisualStudioVersion = 10.0.40219.1
Project("{FAE04EC0-301F-11D3-BF4B-00C04F79EFBC}") = "SupplySyncAPI", "SupplySyncAPI.csproj", "{C8319E28-DAA8-4790-8FA8-805E5F5F3282}"
EndProject
Project("{FAE04EC0-301F-11D3-BF4B-00C04F79EFBC}") = "SupplySync.Domain", "..\SupplySync.Domain\SupplySync.Domain.csproj", "{C01DBB37-6D88-4BE9-AD90-386516C411BE}"
EndProject
Project("{FAE04EC0-301F-11D3-BF4B-00C04F79EFBC}") = "SupplySync.Application", "..\SupplySync.Application\SupplySync.Application.csproj", "{853113DB-6054-492D-B2DA-22912F20C8D2}"
EndProject
Project("{FAE04EC0-301F-11D3-BF4B-00C04F79EFBC}") = "SupplySync.Infrastructure", "..\SupplySync.Infrastructure\SupplySync.Infrastructure.csproj", "{03A2ADEA-FD04-474C-A562-95BECB1CF08F}"
EndProject
Global
	GlobalSection(SolutionConfigurationPlatforms) = preSolution
		Debug|Any CPU = Debug|Any CPU
		Release|Any CPU = Release|Any CPU
	EndGlobalSection
	GlobalSection(ProjectConfigurationPlatforms) = postSolution
		{C8319E28-DAA8-4790-8FA8-805E5F5F3282}.Debug|Any CPU.ActiveCfg = Debug|Any CPU
		{C8319E28-DAA8-4790-8FA8-805E5F5F3282}.Debug|Any CPU.Build.0 = Debug|Any CPU
		{C8319E28-DAA8-4790-8FA8-805E5F5F3282}.Release|Any CPU.ActiveCfg = Release|Any CPU
		{C8319E28-DAA8-4790-8FA8-805E5F5F3282}.Release|Any CPU.Build.0 = Release|Any CPU
		{C01DBB37-6D88-4BE9-AD90-386516C411BE}.Debug|Any CPU.ActiveCfg = Debug|Any CPU
		{C01DBB37-6D88-4BE9-AD90-386516C411BE}.Debug|Any CPU.Build.0 = Debug|Any CPU
		{C01DBB37-6D88-4BE9-AD90-386516C411BE}.Release|Any CPU.ActiveCfg = Release|Any CPU
		{C01DBB37-6D88-4BE9-AD90-386516C411BE}.Release|Any CPU.Build.0 = Release|Any CPU
		{853113DB-6054-492D-B2DA-22912F20C8D2}.Debug|Any CPU.ActiveCfg = Debug|Any CPU
		{853113DB-6054-492D-B2DA-22912F20C8D2}.Debug|Any CPU.Build.0 = Debug|Any CPU
		{853113DB-6054-492D-B2DA-22912F20C8D2}.Release|Any CPU.ActiveCfg = Release|Any CPU
		{853113DB-6054-492D-B2DA-22912F20C8D2}.Release|Any CPU.Build.0 = Release|Any CPU
		{03A2ADEA-FD04-474C-A562-95BECB1CF08F}.Debug|Any CPU.ActiveCfg = Debug|Any CPU
		{03A2ADEA-FD04-474C-A562-95BECB1CF08F}.Debug|Any CPU.Build.0 = Debug|Any CPU
		{03A2ADEA-FD04-474C-A562-95BECB1CF08F}.Release|Any CPU.ActiveCfg = Release|Any CPU
		{03A2ADEA-FD04-474C-A562-95BECB1CF08F}.Release|Any CPU.Build.0 = Release|Any CPU
	EndGlobalSection
	GlobalSection(SolutionProperties) = preSolution
		HideSolutionNode = FALSE
	EndGlobalSection
	GlobalSection(ExtensibilityGlobals) = postSolution
		SolutionGuid = {447DF6A4-8CAA-40A4-AA79-89F49744582C}
	EndGlobalSection
EndGlobal
